
Microsoft Visual Studio Solution File, Format Version 12.00
# Visual Studio Version 17
VisualStudioVersion = 17.0.31903.59
MinimumVisualStudioVersion = 10.0.40219.1
Project("{2150E333-8FDC-42A3-9474-1A3956D46DE8}") = "src", "src", "{5D7E5FCC-4E86-474E-82F6-635566080B9D}"
EndProject
Project("{2150E333-8FDC-42A3-9474-1A3956D46DE8}") = "Building Blocks", "Building Blocks", "{F1D85721-7D8C-40C5-8062-747AACD5A10A}"
EndProject
Project("{2150E333-8FDC-42A3-9474-1A3956D46DE8}") = "Services", "Services", "{2EB122EC-A08F-420E-B638-2B7220B6A606}"
EndProject
Project("{2150E333-8FDC-42A3-9474-1A3956D46DE8}") = "Web", "Web", "{1C09910F-2909-4B5F-AF13-A638A63E5F7F}"
EndProject
Project("{2150E333-8FDC-42A3-9474-1A3956D46DE8}") = "Identidade", "Identidade", "{D25CE816-6537-4BCC-B245-7BBC6BC7BAD2}"
EndProject
Project("{FAE04EC0-301F-11D3-BF4B-00C04F79EFBC}") = "NSE.Identidade.API", "src\services\NSE.Identidade.API\NSE.Identidade.API.csproj", "{13F49860-9337-42F1-985F-401334D98223}"
EndProject
Project("{2150E333-8FDC-42A3-9474-1A3956D46DE8}") = "MVC", "MVC", "{52007AA4-A1D2-4C80-8E0A-D90F7D7E579E}"
EndProject
Project("{FAE04EC0-301F-11D3-BF4B-00C04F79EFBC}") = "NSE.WebApp.MVC", "src\web\NSE.WebApp.MVC\NSE.WebApp.MVC.csproj", "{9EECEF60-BCAB-4F30-82F8-A9173B46F6CD}"
EndProject
Project("{2150E333-8FDC-42A3-9474-1A3956D46DE8}") = "Core", "Core", "{421B99A6-82FD-49CE-B411-075C58289FFA}"
EndProject
Project("{FAE04EC0-301F-11D3-BF4B-00C04F79EFBC}") = "NSE.Core", "src\building blocks\NSE.Core\NSE.Core.csproj", "{819191CD-D6B9-467D-8026-FDF65379FF9C}"
EndProject
Project("{2150E333-8FDC-42A3-9474-1A3956D46DE8}") = "Carrinho", "Carrinho", "{A5708A06-AC6E-4D6B-8AB2-8FB706EF5634}"
EndProject
Project("{2150E333-8FDC-42A3-9474-1A3956D46DE8}") = "Catalogo", "Catalogo", "{31E0D842-676B-4FA8-B07C-7B6EC0A81B56}"
EndProject
Project("{2150E333-8FDC-42A3-9474-1A3956D46DE8}") = "Cliente", "Cliente", "{9736B273-2C3A-49CF-BB69-6E813D5B3D95}"
EndProject
Project("{2150E333-8FDC-42A3-9474-1A3956D46DE8}") = "Pagamento", "Pagamento", "{96C2E4F3-0F25-4C8B-B5DB-57322D99EB16}"
EndProject
Project("{2150E333-8FDC-42A3-9474-1A3956D46DE8}") = "Pedido", "Pedido", "{DA6D261D-E4C0-4116-BF10-831CCF3565D6}"
EndProject
Project("{FAE04EC0-301F-11D3-BF4B-00C04F79EFBC}") = "NSE.Carrinho.API", "src\services\NSE.Carrinho.API\NSE.Carrinho.API.csproj", "{CC26C486-D115-42F9-BED4-67923695E113}"
EndProject
Project("{FAE04EC0-301F-11D3-BF4B-00C04F79EFBC}") = "NSE.Catalogo.API", "src\services\NSE.Catalogo.API\NSE.Catalogo.API.csproj", "{D6787A31-0F8A-494A-95D4-E821954BD58F}"
EndProject
Project("{FAE04EC0-301F-11D3-BF4B-00C04F79EFBC}") = "NSE.Cliente.API", "src\services\NSE.Cliente.API\NSE.Cliente.API.csproj", "{505AE75E-1E68-42C2-88A5-0A42135DC7E1}"
EndProject
Project("{FAE04EC0-301F-11D3-BF4B-00C04F79EFBC}") = "NSE.Pagamento.API", "src\services\NSE.Pagamento.API\NSE.Pagamento.API.csproj", "{B01368AC-9393-46DD-A1F7-B97B9B50CCB4}"
EndProject
Project("{FAE04EC0-301F-11D3-BF4B-00C04F79EFBC}") = "NSE.Pedido.API", "src\services\NSE.Pedido.API\NSE.Pedido.API.csproj", "{1E2918A5-2C08-4346-B584-64FD1924993E}"
EndProject
Global
	GlobalSection(SolutionConfigurationPlatforms) = preSolution
		Debug|Any CPU = Debug|Any CPU
		Release|Any CPU = Release|Any CPU
	EndGlobalSection
	GlobalSection(ProjectConfigurationPlatforms) = postSolution
		{13F49860-9337-42F1-985F-401334D98223}.Debug|Any CPU.ActiveCfg = Debug|Any CPU
		{13F49860-9337-42F1-985F-401334D98223}.Debug|Any CPU.Build.0 = Debug|Any CPU
		{13F49860-9337-42F1-985F-401334D98223}.Release|Any CPU.ActiveCfg = Release|Any CPU
		{13F49860-9337-42F1-985F-401334D98223}.Release|Any CPU.Build.0 = Release|Any CPU
		{9EECEF60-BCAB-4F30-82F8-A9173B46F6CD}.Debug|Any CPU.ActiveCfg = Debug|Any CPU
		{9EECEF60-BCAB-4F30-82F8-A9173B46F6CD}.Debug|Any CPU.Build.0 = Debug|Any CPU
		{9EECEF60-BCAB-4F30-82F8-A9173B46F6CD}.Release|Any CPU.ActiveCfg = Release|Any CPU
		{9EECEF60-BCAB-4F30-82F8-A9173B46F6CD}.Release|Any CPU.Build.0 = Release|Any CPU
		{819191CD-D6B9-467D-8026-FDF65379FF9C}.Debug|Any CPU.ActiveCfg = Debug|Any CPU
		{819191CD-D6B9-467D-8026-FDF65379FF9C}.Debug|Any CPU.Build.0 = Debug|Any CPU
		{819191CD-D6B9-467D-8026-FDF65379FF9C}.Release|Any CPU.ActiveCfg = Release|Any CPU
		{819191CD-D6B9-467D-8026-FDF65379FF9C}.Release|Any CPU.Build.0 = Release|Any CPU
		{CC26C486-D115-42F9-BED4-67923695E113}.Debug|Any CPU.ActiveCfg = Debug|Any CPU
		{CC26C486-D115-42F9-BED4-67923695E113}.Debug|Any CPU.Build.0 = Debug|Any CPU
		{CC26C486-D115-42F9-BED4-67923695E113}.Release|Any CPU.ActiveCfg = Release|Any CPU
		{CC26C486-D115-42F9-BED4-67923695E113}.Release|Any CPU.Build.0 = Release|Any CPU
		{D6787A31-0F8A-494A-95D4-E821954BD58F}.Debug|Any CPU.ActiveCfg = Debug|Any CPU
		{D6787A31-0F8A-494A-95D4-E821954BD58F}.Debug|Any CPU.Build.0 = Debug|Any CPU
		{D6787A31-0F8A-494A-95D4-E821954BD58F}.Release|Any CPU.ActiveCfg = Release|Any CPU
		{D6787A31-0F8A-494A-95D4-E821954BD58F}.Release|Any CPU.Build.0 = Release|Any CPU
		{505AE75E-1E68-42C2-88A5-0A42135DC7E1}.Debug|Any CPU.ActiveCfg = Debug|Any CPU
		{505AE75E-1E68-42C2-88A5-0A42135DC7E1}.Debug|Any CPU.Build.0 = Debug|Any CPU
		{505AE75E-1E68-42C2-88A5-0A42135DC7E1}.Release|Any CPU.ActiveCfg = Release|Any CPU
		{505AE75E-1E68-42C2-88A5-0A42135DC7E1}.Release|Any CPU.Build.0 = Release|Any CPU
		{B01368AC-9393-46DD-A1F7-B97B9B50CCB4}.Debug|Any CPU.ActiveCfg = Debug|Any CPU
		{B01368AC-9393-46DD-A1F7-B97B9B50CCB4}.Debug|Any CPU.Build.0 = Debug|Any CPU
		{B01368AC-9393-46DD-A1F7-B97B9B50CCB4}.Release|Any CPU.ActiveCfg = Release|Any CPU
		{B01368AC-9393-46DD-A1F7-B97B9B50CCB4}.Release|Any CPU.Build.0 = Release|Any CPU
		{1E2918A5-2C08-4346-B584-64FD1924993E}.Debug|Any CPU.ActiveCfg = Debug|Any CPU
		{1E2918A5-2C08-4346-B584-64FD1924993E}.Debug|Any CPU.Build.0 = Debug|Any CPU
		{1E2918A5-2C08-4346-B584-64FD1924993E}.Release|Any CPU.ActiveCfg = Release|Any CPU
		{1E2918A5-2C08-4346-B584-64FD1924993E}.Release|Any CPU.Build.0 = Release|Any CPU
	EndGlobalSection
	GlobalSection(SolutionProperties) = preSolution
		HideSolutionNode = FALSE
	EndGlobalSection
	GlobalSection(NestedProjects) = preSolution
		{F1D85721-7D8C-40C5-8062-747AACD5A10A} = {5D7E5FCC-4E86-474E-82F6-635566080B9D}
		{2EB122EC-A08F-420E-B638-2B7220B6A606} = {5D7E5FCC-4E86-474E-82F6-635566080B9D}
		{1C09910F-2909-4B5F-AF13-A638A63E5F7F} = {5D7E5FCC-4E86-474E-82F6-635566080B9D}
		{D25CE816-6537-4BCC-B245-7BBC6BC7BAD2} = {2EB122EC-A08F-420E-B638-2B7220B6A606}
		{13F49860-9337-42F1-985F-401334D98223} = {D25CE816-6537-4BCC-B245-7BBC6BC7BAD2}
		{52007AA4-A1D2-4C80-8E0A-D90F7D7E579E} = {1C09910F-2909-4B5F-AF13-A638A63E5F7F}
		{9EECEF60-BCAB-4F30-82F8-A9173B46F6CD} = {52007AA4-A1D2-4C80-8E0A-D90F7D7E579E}
		{421B99A6-82FD-49CE-B411-075C58289FFA} = {F1D85721-7D8C-40C5-8062-747AACD5A10A}
		{819191CD-D6B9-467D-8026-FDF65379FF9C} = {421B99A6-82FD-49CE-B411-075C58289FFA}
		{A5708A06-AC6E-4D6B-8AB2-8FB706EF5634} = {2EB122EC-A08F-420E-B638-2B7220B6A606}
		{31E0D842-676B-4FA8-B07C-7B6EC0A81B56} = {2EB122EC-A08F-420E-B638-2B7220B6A606}
		{9736B273-2C3A-49CF-BB69-6E813D5B3D95} = {2EB122EC-A08F-420E-B638-2B7220B6A606}
		{96C2E4F3-0F25-4C8B-B5DB-57322D99EB16} = {2EB122EC-A08F-420E-B638-2B7220B6A606}
		{DA6D261D-E4C0-4116-BF10-831CCF3565D6} = {2EB122EC-A08F-420E-B638-2B7220B6A606}
		{CC26C486-D115-42F9-BED4-67923695E113} = {A5708A06-AC6E-4D6B-8AB2-8FB706EF5634}
		{D6787A31-0F8A-494A-95D4-E821954BD58F} = {31E0D842-676B-4FA8-B07C-7B6EC0A81B56}
		{505AE75E-1E68-42C2-88A5-0A42135DC7E1} = {9736B273-2C3A-49CF-BB69-6E813D5B3D95}
		{B01368AC-9393-46DD-A1F7-B97B9B50CCB4} = {96C2E4F3-0F25-4C8B-B5DB-57322D99EB16}
		{1E2918A5-2C08-4346-B584-64FD1924993E} = {DA6D261D-E4C0-4116-BF10-831CCF3565D6}
	EndGlobalSection
	GlobalSection(ExtensibilityGlobals) = postSolution
		SolutionGuid = {190E50C1-143A-4F7F-A3D4-81C69BB613FB}
	EndGlobalSection
EndGlobal
